
Microsoft Visual Studio Solution File, Format Version 12.00
# Visual Studio Version 17
VisualStudioVersion = 17.0.32126.317
MinimumVisualStudioVersion = 10.0.40219.1
Project("{FAE04EC0-301F-11D3-BF4B-00C04F79EFBC}") = "MoodAnalyzerProgram", "MoodAnalyzerProgram.csproj", "{D734E764-96F7-4C93-998A-EC3E96DDBD4E}"
EndProject
Global
	GlobalSection(SolutionConfigurationPlatforms) = preSolution
		Debug|Any CPU = Debug|Any CPU
		Release|Any CPU = Release|Any CPU
	EndGlobalSection
	GlobalSection(ProjectConfigurationPlatforms) = postSolution
		{D734E764-96F7-4C93-998A-EC3E96DDBD4E}.Debug|Any CPU.ActiveCfg = Debug|Any CPU
		{D734E764-96F7-4C93-998A-EC3E96DDBD4E}.Debug|Any CPU.Build.0 = Debug|Any CPU
		{D734E764-96F7-4C93-998A-EC3E96DDBD4E}.Release|Any CPU.ActiveCfg = Release|Any CPU
		{D734E764-96F7-4C93-998A-EC3E96DDBD4E}.Release|Any CPU.Build.0 = Release|Any CPU
	EndGlobalSection
	GlobalSection(SolutionProperties) = preSolution
		HideSolutionNode = FALSE
	EndGlobalSection
	GlobalSection(ExtensibilityGlobals) = postSolution
		SolutionGuid = {5C7AB16B-B38A-45C7-8FA2-F0BB5D8EEC8A}
	EndGlobalSection
EndGlobal
